{
  "name": "nexrender-action-install-font-crossplatform",
  "version": "1.0.0",
  "lockfileVersion": 2,
  "requires": true,
  "packages": {
    "": {
      "name": "nexrender-action-install-font-crossplatform",
      "version": "1.0.0",
      "license": "MIT",
      "dependencies": {
        "installfont": "^0.0.12"
      }
    },
    "node_modules/installfont": {
      "version": "0.0.12",
      "resolved": "https://registry.npmjs.org/installfont/-/installfont-0.0.12.tgz",
      "integrity": "sha512-ytHF8fizCeAHzqDb10m5MYqzlr9oHnshLdphgcLmpTjbNZZB1kyU27If429726K4ClR/g8v6452e1UpmLj3vbg==",
      "dependencies": {
        "mkpath": "^1.0.0"
      }
    },
    "node_modules/mkpath": {
      "version": "1.0.0",
      "resolved": "https://registry.npmjs.org/mkpath/-/mkpath-1.0.0.tgz",
      "integrity": "sha512-PbNHr7Y/9Y/2P5pKFv5XOGBfNQqZ+fdiHWcuf7swLACN5ZW5LU7J5tMU8LSBjpluAxAxKYGD9nnaIbdRy9+m1w=="
    }
  },
  "dependencies": {
    "installfont": {
      "version": "0.0.12",
      "resolved": "https://registry.npmjs.org/installfont/-/installfont-0.0.12.tgz",
      "integrity": "sha512-ytHF8fizCeAHzqDb10m5MYqzlr9oHnshLdphgcLmpTjbNZZB1kyU27If429726K4ClR/g8v6452e1UpmLj3vbg==",
      "requires": {
        "mkpath": "^1.0.0"
      }
    },
    "mkpath": {
      "version": "1.0.0",
      "resolved": "https://registry.npmjs.org/mkpath/-/mkpath-1.0.0.tgz",
      "integrity": "sha512-PbNHr7Y/9Y/2P5pKFv5XOGBfNQqZ+fdiHWcuf7swLACN5ZW5LU7J5tMU8LSBjpluAxAxKYGD9nnaIbdRy9+m1w=="
    }
  }
}
