{
  "name": "nexrender-action-install-font-crossplatform",
  "version": "1.0.2",
  "lockfileVersion": 2,
  "requires": true,
  "packages": {
    "": {
      "name": "nexrender-action-install-font-crossplatform",
      "version": "1.0.2",
      "license": "MIT",
      "dependencies": {
        "installfont": "github:backbeatmedia/installfont"
      }
    },
    "node_modules/installfont": {
      "version": "0.0.12",
      "resolved": "git+ssh://git@github.com/backbeatmedia/installfont.git#e7f9a91ea6cd2e0ff064065c79dba3b5f947fa28",
      "license": "MIT",
      "dependencies": {
        "mkpath": "^1.0.0"
      }
    },
    "node_modules/mkpath": {
      "version": "1.0.0",
      "resolved": "https://registry.npmjs.org/mkpath/-/mkpath-1.0.0.tgz",
      "integrity": "sha512-PbNHr7Y/9Y/2P5pKFv5XOGBfNQqZ+fdiHWcuf7swLACN5ZW5LU7J5tMU8LSBjpluAxAxKYGD9nnaIbdRy9+m1w=="
    }
  },
  "dependencies": {
    "installfont": {
      "version": "git+ssh://git@github.com/backbeatmedia/installfont.git#e7f9a91ea6cd2e0ff064065c79dba3b5f947fa28",
      "from": "installfont@github:backbeatmedia/installfont",
      "requires": {
        "mkpath": "^1.0.0"
      }
    },
    "mkpath": {
      "version": "1.0.0",
      "resolved": "https://registry.npmjs.org/mkpath/-/mkpath-1.0.0.tgz",
      "integrity": "sha512-PbNHr7Y/9Y/2P5pKFv5XOGBfNQqZ+fdiHWcuf7swLACN5ZW5LU7J5tMU8LSBjpluAxAxKYGD9nnaIbdRy9+m1w=="
    }
  }
}
